
Microsoft Visual Studio Solution File, Format Version 12.00
# Visual Studio Version 16
VisualStudioVersion = 16.0.28803.202
MinimumVisualStudioVersion = 10.0.40219.1
Project("{FAE04EC0-301F-11D3-BF4B-00C04F79EFBC}") = "prat 2", "prat 2.csproj", "{5C4900BB-6BBB-494B-9717-05EFE2079C6E}"
EndProject
Global
	GlobalSection(SolutionConfigurationPlatforms) = preSolution
		Debug|Any CPU = Debug|Any CPU
		Release|Any CPU = Release|Any CPU
	EndGlobalSection
	GlobalSection(ProjectConfigurationPlatforms) = postSolution
		{5C4900BB-6BBB-494B-9717-05EFE2079C6E}.Debug|Any CPU.ActiveCfg = Debug|Any CPU
		{5C4900BB-6BBB-494B-9717-05EFE2079C6E}.Debug|Any CPU.Build.0 = Debug|Any CPU
		{5C4900BB-6BBB-494B-9717-05EFE2079C6E}.Release|Any CPU.ActiveCfg = Release|Any CPU
		{5C4900BB-6BBB-494B-9717-05EFE2079C6E}.Release|Any CPU.Build.0 = Release|Any CPU
	EndGlobalSection
	GlobalSection(SolutionProperties) = preSolution
		HideSolutionNode = FALSE
	EndGlobalSection
	GlobalSection(ExtensibilityGlobals) = postSolution
		SolutionGuid = {6535185F-A26D-4900-BAE1-60D902AFE2FB}
	EndGlobalSection
EndGlobal
